
Microsoft Visual Studio Solution File, Format Version 12.00
# Visual Studio Version 17
VisualStudioVersion = 17.4.33110.190
MinimumVisualStudioVersion = 10.0.40219.1
Project("{FAE04EC0-301F-11D3-BF4B-00C04F79EFBC}") = "PetClient3", "PetClient3\PetClient3.csproj", "{D9DA44A5-F452-4497-AF49-96137260BFE4}"
EndProject
Global
	GlobalSection(SolutionConfigurationPlatforms) = preSolution
		Debug|Any CPU = Debug|Any CPU
		Release|Any CPU = Release|Any CPU
	EndGlobalSection
	GlobalSection(ProjectConfigurationPlatforms) = postSolution
		{D9DA44A5-F452-4497-AF49-96137260BFE4}.Debug|Any CPU.ActiveCfg = Debug|Any CPU
		{D9DA44A5-F452-4497-AF49-96137260BFE4}.Debug|Any CPU.Build.0 = Debug|Any CPU
		{D9DA44A5-F452-4497-AF49-96137260BFE4}.Release|Any CPU.ActiveCfg = Release|Any CPU
		{D9DA44A5-F452-4497-AF49-96137260BFE4}.Release|Any CPU.Build.0 = Release|Any CPU
	EndGlobalSection
	GlobalSection(SolutionProperties) = preSolution
		HideSolutionNode = FALSE
	EndGlobalSection
	GlobalSection(ExtensibilityGlobals) = postSolution
		SolutionGuid = {80818835-002A-4316-B9B3-154630CF5206}
	EndGlobalSection
EndGlobal
